Microsoft Visual Studio Solution File, Format Version 11.00
# Visual Studio 2008

Project("{37AFD7E3-3711-38CD-5E0E-172427CB5232}") = "Mystery", "Assembly-CSharp-firstpass-vs.csproj", "{997159C2-6F6E-491D-B932-7D17018C3C2A}"
EndProject
Global
	GlobalSection(SolutionConfigurationPlatforms) = preSolution
		Debug|Any CPU = Debug|Any CPU
		Release|Any CPU = Release|Any CPU
	EndGlobalSection
	GlobalSection(ProjectConfigurationPlatforms) = postSolution
		{997159C2-6F6E-491D-B932-7D17018C3C2A}.Debug|Any CPU.ActiveCfg = Debug|Any CPU
		{997159C2-6F6E-491D-B932-7D17018C3C2A}.Debug|Any CPU.Build.0 = Debug|Any CPU
		{997159C2-6F6E-491D-B932-7D17018C3C2A}.Release|Any CPU.ActiveCfg = Release|Any CPU
		{997159C2-6F6E-491D-B932-7D17018C3C2A}.Release|Any CPU.Build.0 = Release|Any CPU
	EndGlobalSection
	GlobalSection(SolutionProperties) = preSolution
		HideSolutionNode = FALSE
	EndGlobalSection
					GlobalSection(MonoDevelopProperties) = preSolution
		StartupItem = Assembly-CSharp.csproj
		Policies = $0
		$0.TextStylePolicy = $1
		$1.inheritsSet = null
		$1.scope = text/x-csharp
		$0.CSharpFormattingPolicy = $2
		$2.inheritsSet = Mono
		$2.inheritsScope = text/x-csharp
		$2.scope = text/x-csharp
		$0.TextStylePolicy = $3
		$3.FileWidth = 120
		$3.TabWidth = 4
		$3.EolMarker = Unix
		$3.inheritsSet = Mono
		$3.inheritsScope = text/plain
		$3.scope = text/plain
	EndGlobalSection

EndGlobal
